// !$*UTF8*$!
{
	archiveVersion = 1;
	classes = {
	};
	objectVersion = 50;
	objects = {

/* Begin PBXBuildFile section */
		6787880D25DE2018008C21D9 /* FriendsListViewController.swift in Sources */ = {isa = PBXBuildFile; fileRef = 6787880C25DE2018008C21D9 /* FriendsListViewController.swift */; };
		6787881125DE2035008C21D9 /* Friends.swift in Sources */ = {isa = PBXBuildFile; fileRef = 6787881025DE2035008C21D9 /* Friends.swift */; };
		6787881425DE2065008C21D9 /* FriendCellView.swift in Sources */ = {isa = PBXBuildFile; fileRef = 6787881325DE2065008C21D9 /* FriendCellView.swift */; };
		6787881925DE20F8008C21D9 /* FriendCollectionViewController.swift in Sources */ = {isa = PBXBuildFile; fileRef = 6787881825DE20F8008C21D9 /* FriendCollectionViewController.swift */; };
		6787881C25DE2128008C21D9 /* FriendCollectionCellView.swift in Sources */ = {isa = PBXBuildFile; fileRef = 6787881B25DE2128008C21D9 /* FriendCollectionCellView.swift */; };
		6787882C25DF5251008C21D9 /* MyGroupsTableViewController.swift in Sources */ = {isa = PBXBuildFile; fileRef = 6787882B25DF5251008C21D9 /* MyGroupsTableViewController.swift */; };
		6787882F25DF5273008C21D9 /* GroupsTableViewController.swift in Sources */ = {isa = PBXBuildFile; fileRef = 6787882E25DF5273008C21D9 /* GroupsTableViewController.swift */; };
		6787883625DF52C6008C21D9 /* GroupCellViewController.swift in Sources */ = {isa = PBXBuildFile; fileRef = 6787883525DF52C6008C21D9 /* GroupCellViewController.swift */; };
		6787883C25DF531B008C21D9 /* Groups.swift in Sources */ = {isa = PBXBuildFile; fileRef = 6787883B25DF531B008C21D9 /* Groups.swift */; };
		6787884325DF6191008C21D9 /* MyGroupCellViewController.swift in Sources */ = {isa = PBXBuildFile; fileRef = 6787884225DF6191008C21D9 /* MyGroupCellViewController.swift */; };
		67E44FDC25D4D0AD007B8CC4 /* AppDelegate.swift in Sources */ = {isa = PBXBuildFile; fileRef = 67E44FDB25D4D0AD007B8CC4 /* AppDelegate.swift */; };
		67E44FDE25D4D0AD007B8CC4 /* SceneDelegate.swift in Sources */ = {isa = PBXBuildFile; fileRef = 67E44FDD25D4D0AD007B8CC4 /* SceneDelegate.swift */; };
		67E44FE025D4D0AD007B8CC4 /* LogInViewController.swift in Sources */ = {isa = PBXBuildFile; fileRef = 67E44FDF25D4D0AD007B8CC4 /* LogInViewController.swift */; };
		67E44FE325D4D0AD007B8CC4 /* Main.storyboard in Resources */ = {isa = PBXBuildFile; fileRef = 67E44FE125D4D0AD007B8CC4 /* Main.storyboard */; };
		67E44FE525D4D0AE007B8CC4 /* Assets.xcassets in Resources */ = {isa = PBXBuildFile; fileRef = 67E44FE425D4D0AE007B8CC4 /* Assets.xcassets */; };
		67E44FE825D4D0AE007B8CC4 /* LaunchScreen.storyboard in Resources */ = {isa = PBXBuildFile; fileRef = 67E44FE625D4D0AE007B8CC4 /* LaunchScreen.storyboard */; };
/* End PBXBuildFile section */

/* Begin PBXFileReference section */
		6787880C25DE2018008C21D9 /* FriendsListViewController.swift */ = {isa = PBXFileReference; lastKnownFileType = sourcecode.swift; path = FriendsListViewController.swift; sourceTree = "<group>"; };
		6787881025DE2035008C21D9 /* Friends.swift */ = {isa = PBXFileReference; lastKnownFileType = sourcecode.swift; path = Friends.swift; sourceTree = "<group>"; };
		6787881325DE2065008C21D9 /* FriendCellView.swift */ = {isa = PBXFileReference; lastKnownFileType = sourcecode.swift; path = FriendCellView.swift; sourceTree = "<group>"; };
		6787881825DE20F8008C21D9 /* FriendCollectionViewController.swift */ = {isa = PBXFileReference; lastKnownFileType = sourcecode.swift; path = FriendCollectionViewController.swift; sourceTree = "<group>"; };
		6787881B25DE2128008C21D9 /* FriendCollectionCellView.swift */ = {isa = PBXFileReference; lastKnownFileType = sourcecode.swift; path = FriendCollectionCellView.swift; sourceTree = "<group>"; };
		6787882B25DF5251008C21D9 /* MyGroupsTableViewController.swift */ = {isa = PBXFileReference; lastKnownFileType = sourcecode.swift; path = MyGroupsTableViewController.swift; sourceTree = "<group>"; };
		6787882E25DF5273008C21D9 /* GroupsTableViewController.swift */ = {isa = PBXFileReference; lastKnownFileType = sourcecode.swift; path = GroupsTableViewController.swift; sourceTree = "<group>"; };
		6787883525DF52C6008C21D9 /* GroupCellViewController.swift */ = {isa = PBXFileReference; lastKnownFileType = sourcecode.swift; path = GroupCellViewController.swift; sourceTree = "<group>"; };
		6787883B25DF531B008C21D9 /* Groups.swift */ = {isa = PBXFileReference; lastKnownFileType = sourcecode.swift; path = Groups.swift; sourceTree = "<group>"; };
		6787884225DF6191008C21D9 /* MyGroupCellViewController.swift */ = {isa = PBXFileReference; lastKnownFileType = sourcecode.swift; path = MyGroupCellViewController.swift; sourceTree = "<group>"; };
		67E44FD825D4D0AD007B8CC4 /* VK.app */ = {isa = PBXFileReference; explicitFileType = wrapper.application; includeInIndex = 0; path = VK.app; sourceTree = BUILT_PRODUCTS_DIR; };
		67E44FDB25D4D0AD007B8CC4 /* AppDelegate.swift */ = {isa = PBXFileReference; lastKnownFileType = sourcecode.swift; path = AppDelegate.swift; sourceTree = "<group>"; };
		67E44FDD25D4D0AD007B8CC4 /* SceneDelegate.swift */ = {isa = PBXFileReference; lastKnownFileType = sourcecode.swift; path = SceneDelegate.swift; sourceTree = "<group>"; };
		67E44FDF25D4D0AD007B8CC4 /* LogInViewController.swift */ = {isa = PBXFileReference; lastKnownFileType = sourcecode.swift; path = LogInViewController.swift; sourceTree = "<group>"; };
		67E44FE225D4D0AD007B8CC4 /* Base */ = {isa = PBXFileReference; lastKnownFileType = file.storyboard; name = Base; path = Base.lproj/Main.storyboard; sourceTree = "<group>"; };
		67E44FE425D4D0AE007B8CC4 /* Assets.xcassets */ = {isa = PBXFileReference; lastKnownFileType = folder.assetcatalog; path = Assets.xcassets; sourceTree = "<group>"; };
		67E44FE725D4D0AE007B8CC4 /* Base */ = {isa = PBXFileReference; lastKnownFileType = file.storyboard; name = Base; path = Base.lproj/LaunchScreen.storyboard; sourceTree = "<group>"; };
		67E44FE925D4D0AE007B8CC4 /* Info.plist */ = {isa = PBXFileReference; lastKnownFileType = text.plist.xml; path = Info.plist; sourceTree = "<group>"; };
/* End PBXFileReference section */

/* Begin PBXFrameworksBuildPhase section */
		67E44FD525D4D0AD007B8CC4 /* Frameworks */ = {
			isa = PBXFrameworksBuildPhase;
			buildActionMask = 2147483647;
			files = (
			);
			runOnlyForDeploymentPostprocessing = 0;
		};
/* End PBXFrameworksBuildPhase section */

/* Begin PBXGroup section */
		6787881625DE206E008C21D9 /* Friends */ = {
			isa = PBXGroup;
			children = (
				6787880C25DE2018008C21D9 /* FriendsListViewController.swift */,
				6787881025DE2035008C21D9 /* Friends.swift */,
				6787881325DE2065008C21D9 /* FriendCellView.swift */,
			);
			path = Friends;
			sourceTree = "<group>";
		};
		6787881E25DE212F008C21D9 /* FriendCollection */ = {
			isa = PBXGroup;
			children = (
				6787881825DE20F8008C21D9 /* FriendCollectionViewController.swift */,
				6787881B25DE2128008C21D9 /* FriendCollectionCellView.swift */,
			);
			path = FriendCollection;
			sourceTree = "<group>";
		};
		6787883825DF52ED008C21D9 /* MyGroups */ = {
			isa = PBXGroup;
			children = (
				6787882B25DF5251008C21D9 /* MyGroupsTableViewController.swift */,
				6787883B25DF531B008C21D9 /* Groups.swift */,
				6787884225DF6191008C21D9 /* MyGroupCellViewController.swift */,
			);
			path = MyGroups;
			sourceTree = "<group>";
		};
		6787883925DF52FE008C21D9 /* Groups */ = {
			isa = PBXGroup;
			children = (
				6787882E25DF5273008C21D9 /* GroupsTableViewController.swift */,
				6787883525DF52C6008C21D9 /* GroupCellViewController.swift */,
			);
			path = Groups;
			sourceTree = "<group>";
		};
		67E44FCF25D4D0AD007B8CC4 = {
			isa = PBXGroup;
			children = (
				67E44FDA25D4D0AD007B8CC4 /* VK */,
				67E44FD925D4D0AD007B8CC4 /* Products */,
			);
			sourceTree = "<group>";
		};
		67E44FD925D4D0AD007B8CC4 /* Products */ = {
			isa = PBXGroup;
			children = (
				67E44FD825D4D0AD007B8CC4 /* VK.app */,
			);
			name = Products;
			sourceTree = "<group>";
		};
		67E44FDA25D4D0AD007B8CC4 /* VK */ = {
			isa = PBXGroup;
			children = (
				67E44FDB25D4D0AD007B8CC4 /* AppDelegate.swift */,
				67E44FDD25D4D0AD007B8CC4 /* SceneDelegate.swift */,
				67E44FDF25D4D0AD007B8CC4 /* LogInViewController.swift */,
				67E44FE125D4D0AD007B8CC4 /* Main.storyboard */,
				67E44FE425D4D0AE007B8CC4 /* Assets.xcassets */,
				67E44FE625D4D0AE007B8CC4 /* LaunchScreen.storyboard */,
				67E44FE925D4D0AE007B8CC4 /* Info.plist */,
				6787881625DE206E008C21D9 /* Friends */,
				6787881E25DE212F008C21D9 /* FriendCollection */,
				6787883825DF52ED008C21D9 /* MyGroups */,
				6787883925DF52FE008C21D9 /* Groups */,
			);
			path = VK;
			sourceTree = "<group>";
		};
/* End PBXGroup section */

/* Begin PBXNativeTarget section */
		67E44FD725D4D0AD007B8CC4 /* VK */ = {
			isa = PBXNativeTarget;
			buildConfigurationList = 67E44FEC25D4D0AE007B8CC4 /* Build configuration list for PBXNativeTarget "VK" */;
			buildPhases = (
				67E44FD425D4D0AD007B8CC4 /* Sources */,
				67E44FD525D4D0AD007B8CC4 /* Frameworks */,
				67E44FD625D4D0AD007B8CC4 /* Resources */,
			);
			buildRules = (
			);
			dependencies = (
			);
			name = VK;
			productName = VK;
			productReference = 67E44FD825D4D0AD007B8CC4 /* VK.app */;
			productType = "com.apple.product-type.application";
		};
/* End PBXNativeTarget section */

/* Begin PBXProject section */
		67E44FD025D4D0AD007B8CC4 /* Project object */ = {
			isa = PBXProject;
			attributes = {
				LastSwiftUpdateCheck = 1240;
				LastUpgradeCheck = 1240;
				TargetAttributes = {
					67E44FD725D4D0AD007B8CC4 = {
						CreatedOnToolsVersion = 12.4;
					};
				};
			};
			buildConfigurationList = 67E44FD325D4D0AD007B8CC4 /* Build configuration list for PBXProject "VK" */;
			compatibilityVersion = "Xcode 9.3";
			developmentRegion = en;
			hasScannedForEncodings = 0;
			knownRegions = (
				en,
				Base,
			);
			mainGroup = 67E44FCF25D4D0AD007B8CC4;
			productRefGroup = 67E44FD925D4D0AD007B8CC4 /* Products */;
			projectDirPath = "";
			projectRoot = "";
			targets = (
				67E44FD725D4D0AD007B8CC4 /* VK */,
			);
		};
/* End PBXProject section */

/* Begin PBXResourcesBuildPhase section */
		67E44FD625D4D0AD007B8CC4 /* Resources */ = {
			isa = PBXResourcesBuildPhase;
			buildActionMask = 2147483647;
			files = (
				67E44FE825D4D0AE007B8CC4 /* LaunchScreen.storyboard in Resources */,
				67E44FE525D4D0AE007B8CC4 /* Assets.xcassets in Resources */,
				67E44FE325D4D0AD007B8CC4 /* Main.storyboard in Resources */,
			);
			runOnlyForDeploymentPostprocessing = 0;
		};
/* End PBXResourcesBuildPhase section */

/* Begin PBXSourcesBuildPhase section */
		67E44FD425D4D0AD007B8CC4 /* Sources */ = {
			isa = PBXSourcesBuildPhase;
			buildActionMask = 2147483647;
			files = (
				6787882C25DF5251008C21D9 /* MyGroupsTableViewController.swift in Sources */,
				6787882F25DF5273008C21D9 /* GroupsTableViewController.swift in Sources */,
				6787881C25DE2128008C21D9 /* FriendCollectionCellView.swift in Sources */,
				6787884325DF6191008C21D9 /* MyGroupCellViewController.swift in Sources */,
				6787883625DF52C6008C21D9 /* GroupCellViewController.swift in Sources */,
				6787883C25DF531B008C21D9 /* Groups.swift in Sources */,
				6787881925DE20F8008C21D9 /* FriendCollectionViewController.swift in Sources */,
				6787880D25DE2018008C21D9 /* FriendsListViewController.swift in Sources */,
				67E44FE025D4D0AD007B8CC4 /* LogInViewController.swift in Sources */,
				6787881425DE2065008C21D9 /* FriendCellView.swift in Sources */,
				67E44FDC25D4D0AD007B8CC4 /* AppDelegate.swift in Sources */,
				6787881125DE2035008C21D9 /* Friends.swift in Sources */,
				67E44FDE25D4D0AD007B8CC4 /* SceneDelegate.swift in Sources */,
			);
			runOnlyForDeploymentPostprocessing = 0;
		};
/* End PBXSourcesBuildPhase section */

/* Begin PBXVariantGroup section */
		67E44FE125D4D0AD007B8CC4 /* Main.storyboard */ = {
			isa = PBXVariantGroup;
			children = (
				67E44FE225D4D0AD007B8CC4 /* Base */,
			);
			name = Main.storyboard;
			sourceTree = "<group>";
		};
		67E44FE625D4D0AE007B8CC4 /* LaunchScreen.storyboard */ = {
			isa = PBXVariantGroup;
			children = (
				67E44FE725D4D0AE007B8CC4 /* Base */,
			);
			name = LaunchScreen.storyboard;
			sourceTree = "<group>";
		};
/* End PBXVariantGroup section */

/* Begin XCBuildConfiguration section */
		67E44FEA25D4D0AE007B8CC4 /* Debug */ = {
			isa = XCBuildConfiguration;
			buildSettings = {
				ALWAYS_SEARCH_USER_PATHS = NO;
				CLANG_ANALYZER_NONNULL = YES;
				CLANG_ANALYZER_NUMBER_OBJECT_CONVERSION = YES_AGGRESSIVE;
				CLANG_CXX_LANGUAGE_STANDARD = "gnu++14";
				CLANG_CXX_LIBRARY = "libc++";
				CLANG_ENABLE_MODULES = YES;
				CLANG_ENABLE_OBJC_ARC = YES;
				CLANG_ENABLE_OBJC_WEAK = YES;
				CLANG_WARN_BLOCK_CAPTURE_AUTORELEASING = YES;
				CLANG_WARN_BOOL_CONVERSION = YES;
				CLANG_WARN_COMMA = YES;
				CLANG_WARN_CONSTANT_CONVERSION = YES;
				CLANG_WARN_DEPRECATED_OBJC_IMPLEMENTATIONS = YES;
				CLANG_WARN_DIRECT_OBJC_ISA_USAGE = YES_ERROR;
				CLANG_WARN_DOCUMENTATION_COMMENTS = YES;
				CLANG_WARN_EMPTY_BODY = YES;
				CLANG_WARN_ENUM_CONVERSION = YES;
				CLANG_WARN_INFINITE_RECURSION = YES;
				CLANG_WARN_INT_CONVERSION = YES;
				CLANG_WARN_NON_LITERAL_NULL_CONVERSION = YES;
				CLANG_WARN_OBJC_IMPLICIT_RETAIN_SELF = YES;
				CLANG_WARN_OBJC_LITERAL_CONVERSION = YES;
				CLANG_WARN_OBJC_ROOT_CLASS = YES_ERROR;
				CLANG_WARN_QUOTED_INCLUDE_IN_FRAMEWORK_HEADER = YES;
				CLANG_WARN_RANGE_LOOP_ANALYSIS = YES;
				CLANG_WARN_STRICT_PROTOTYPES = YES;
				CLANG_WARN_SUSPICIOUS_MOVE = YES;
				CLANG_WARN_UNGUARDED_AVAILABILITY = YES_AGGRESSIVE;
				CLANG_WARN_UNREACHABLE_CODE = YES;
				CLANG_WARN__DUPLICATE_METHOD_MATCH = YES;
				COPY_PHASE_STRIP = NO;
				DEBUG_INFORMATION_FORMAT = dwarf;
				ENABLE_STRICT_OBJC_MSGSEND = YES;
				ENABLE_TESTABILITY = YES;
				GCC_C_LANGUAGE_STANDARD = gnu11;
				GCC_DYNAMIC_NO_PIC = NO;
				GCC_NO_COMMON_BLOCKS = YES;
				GCC_OPTIMIZATION_LEVEL = 0;
				GCC_PREPROCESSOR_DEFINITIONS = (
					"DEBUG=1",
					"$(inherited)",
				);
				GCC_WARN_64_TO_32_BIT_CONVERSION = YES;
				GCC_WARN_ABOUT_RETURN_TYPE = YES_ERROR;
				GCC_WARN_UNDECLARED_SELECTOR = YES;
				GCC_WARN_UNINITIALIZED_AUTOS = YES_AGGRESSIVE;
				GCC_WARN_UNUSED_FUNCTION = YES;
				GCC_WARN_UNUSED_VARIABLE = YES;
				IPHONEOS_DEPLOYMENT_TARGET = 14.4;
				MTL_ENABLE_DEBUG_INFO = INCLUDE_SOURCE;
				MTL_FAST_MATH = YES;
				ONLY_ACTIVE_ARCH = YES;
				SDKROOT = iphoneos;
				SWIFT_ACTIVE_COMPILATION_CONDITIONS = DEBUG;
				SWIFT_OPTIMIZATION_LEVEL = "-Onone";
			};
			name = Debug;
		};
		67E44FEB25D4D0AE007B8CC4 /* Release */ = {
			isa = XCBuildConfiguration;
			buildSettings = {
				ALWAYS_SEARCH_USER_PATHS = NO;
				CLANG_ANALYZER_NONNULL = YES;
				CLANG_ANALYZER_NUMBER_OBJECT_CONVERSION = YES_AGGRESSIVE;
				CLANG_CXX_LANGUAGE_STANDARD = "gnu++14";
				CLANG_CXX_LIBRARY = "libc++";
				CLANG_ENABLE_MODULES = YES;
				CLANG_ENABLE_OBJC_ARC = YES;
				CLANG_ENABLE_OBJC_WEAK = YES;
				CLANG_WARN_BLOCK_CAPTURE_AUTORELEASING = YES;
				CLANG_WARN_BOOL_CONVERSION = YES;
				CLANG_WARN_COMMA = YES;
				CLANG_WARN_CONSTANT_CONVERSION = YES;
				CLANG_WARN_DEPRECATED_OBJC_IMPLEMENTATIONS = YES;
				CLANG_WARN_DIRECT_OBJC_ISA_USAGE = YES_ERROR;
				CLANG_WARN_DOCUMENTATION_COMMENTS = YES;
				CLANG_WARN_EMPTY_BODY = YES;
				CLANG_WARN_ENUM_CONVERSION = YES;
				CLANG_WARN_INFINITE_RECURSION = YES;
				CLANG_WARN_INT_CONVERSION = YES;
				CLANG_WARN_NON_LITERAL_NULL_CONVERSION = YES;
				CLANG_WARN_OBJC_IMPLICIT_RETAIN_SELF = YES;
				CLANG_WARN_OBJC_LITERAL_CONVERSION = YES;
				CLANG_WARN_OBJC_ROOT_CLASS = YES_ERROR;
				CLANG_WARN_QUOTED_INCLUDE_IN_FRAMEWORK_HEADER = YES;
				CLANG_WARN_RANGE_LOOP_ANALYSIS = YES;
				CLANG_WARN_STRICT_PROTOTYPES = YES;
				CLANG_WARN_SUSPICIOUS_MOVE = YES;
				CLANG_WARN_UNGUARDED_AVAILABILITY = YES_AGGRESSIVE;
				CLANG_WARN_UNREACHABLE_CODE = YES;
				CLANG_WARN__DUPLICATE_METHOD_MATCH = YES;
				COPY_PHASE_STRIP = NO;
				DEBUG_INFORMATION_FORMAT = "dwarf-with-dsym";
				ENABLE_NS_ASSERTIONS = NO;
				ENABLE_STRICT_OBJC_MSGSEND = YES;
				GCC_C_LANGUAGE_STANDARD = gnu11;
				GCC_NO_COMMON_BLOCKS = YES;
				GCC_WARN_64_TO_32_BIT_CONVERSION = YES;
				GCC_WARN_ABOUT_RETURN_TYPE = YES_ERROR;
				GCC_WARN_UNDECLARED_SELECTOR = YES;
				GCC_WARN_UNINITIALIZED_AUTOS = YES_AGGRESSIVE;
				GCC_WARN_UNUSED_FUNCTION = YES;
				GCC_WARN_UNUSED_VARIABLE = YES;
				IPHONEOS_DEPLOYMENT_TARGET = 14.4;
				MTL_ENABLE_DEBUG_INFO = NO;
				MTL_FAST_MATH = YES;
				SDKROOT = iphoneos;
				SWIFT_COMPILATION_MODE = wholemodule;
				SWIFT_OPTIMIZATION_LEVEL = "-O";
				VALIDATE_PRODUCT = YES;
			};
			name = Release;
		};
		67E44FED25D4D0AE007B8CC4 /* Debug */ = {
			isa = XCBuildConfiguration;
			buildSettings = {
				ASSETCATALOG_COMPILER_APPICON_NAME = AppIcon;
				ASSETCATALOG_COMPILER_GLOBAL_ACCENT_COLOR_NAME = AccentColor;
				CODE_SIGN_STYLE = Automatic;
				INFOPLIST_FILE = VK/Info.plist;
				LD_RUNPATH_SEARCH_PATHS = (
					"$(inherited)",
					"@executable_path/Frameworks",
				);
				PRODUCT_BUNDLE_IDENTIFIER = com.sergey.dmitriev.VK;
				PRODUCT_NAME = "$(TARGET_NAME)";
				SWIFT_VERSION = 5.0;
				TARGETED_DEVICE_FAMILY = "1,2";
			};
			name = Debug;
		};
		67E44FEE25D4D0AE007B8CC4 /* Release */ = {
			isa = XCBuildConfiguration;
			buildSettings = {
				ASSETCATALOG_COMPILER_APPICON_NAME = AppIcon;
				ASSETCATALOG_COMPILER_GLOBAL_ACCENT_COLOR_NAME = AccentColor;
				CODE_SIGN_STYLE = Automatic;
				INFOPLIST_FILE = VK/Info.plist;
				LD_RUNPATH_SEARCH_PATHS = (
					"$(inherited)",
					"@executable_path/Frameworks",
				);
				PRODUCT_BUNDLE_IDENTIFIER = com.sergey.dmitriev.VK;
				PRODUCT_NAME = "$(TARGET_NAME)";
				SWIFT_VERSION = 5.0;
				TARGETED_DEVICE_FAMILY = "1,2";
			};
			name = Release;
		};
/* End XCBuildConfiguration section */

/* Begin XCConfigurationList section */
		67E44FD325D4D0AD007B8CC4 /* Build configuration list for PBXProject "VK" */ = {
			isa = XCConfigurationList;
			buildConfigurations = (
				67E44FEA25D4D0AE007B8CC4 /* Debug */,
				67E44FEB25D4D0AE007B8CC4 /* Release */,
			);
			defaultConfigurationIsVisible = 0;
			defaultConfigurationName = Release;
		};
		67E44FEC25D4D0AE007B8CC4 /* Build configuration list for PBXNativeTarget "VK" */ = {
			isa = XCConfigurationList;
			buildConfigurations = (
				67E44FED25D4D0AE007B8CC4 /* Debug */,
				67E44FEE25D4D0AE007B8CC4 /* Release */,
			);
			defaultConfigurationIsVisible = 0;
			defaultConfigurationName = Release;
		};
/* End XCConfigurationList section */
	};
	rootObject = 67E44FD025D4D0AD007B8CC4 /* Project object */;
}
